
Microsoft Visual Studio Solution File, Format Version 12.00
# Visual Studio Version 17
VisualStudioVersion = 17.7.34202.233
MinimumVisualStudioVersion = 10.0.40219.1
Project("{FAE04EC0-301F-11D3-BF4B-00C04F79EFBC}") = "autopeca", "autopeca\autopeca.csproj", "{02B90CC2-100B-48D0-9F33-FC89F1454C53}"
EndProject
Global
	GlobalSection(SolutionConfigurationPlatforms) = preSolution
		Debug|Any CPU = Debug|Any CPU
		Release|Any CPU = Release|Any CPU
	EndGlobalSection
	GlobalSection(ProjectConfigurationPlatforms) = postSolution
		{02B90CC2-100B-48D0-9F33-FC89F1454C53}.Debug|Any CPU.ActiveCfg = Debug|Any CPU
		{02B90CC2-100B-48D0-9F33-FC89F1454C53}.Debug|Any CPU.Build.0 = Debug|Any CPU
		{02B90CC2-100B-48D0-9F33-FC89F1454C53}.Release|Any CPU.ActiveCfg = Release|Any CPU
		{02B90CC2-100B-48D0-9F33-FC89F1454C53}.Release|Any CPU.Build.0 = Release|Any CPU
	EndGlobalSection
	GlobalSection(SolutionProperties) = preSolution
		HideSolutionNode = FALSE
	EndGlobalSection
	GlobalSection(ExtensibilityGlobals) = postSolution
		SolutionGuid = {AFC49587-99DF-4A1A-85AB-3017061A0469}
	EndGlobalSection
EndGlobal
